
Microsoft Visual Studio Solution File, Format Version 12.00
# Visual Studio Version 17
VisualStudioVersion = 17.0.31903.59
MinimumVisualStudioVersion = 10.0.40219.1
Project("{FAE04EC0-301F-11D3-BF4B-00C04F79EFBC}") = "WatchStore.API", "WatchStore.API\WatchStore.API.csproj", "{6F6B4BE1-9821-402D-996E-153EABFD1C55}"
EndProject
Project("{FAE04EC0-301F-11D3-BF4B-00C04F79EFBC}") = "WatchStore.Application", "WatchStore.Application\WatchStore.Application.csproj", "{8686C82C-C6D8-478E-8A87-1BE84B7FFE0E}"
EndProject
Project("{FAE04EC0-301F-11D3-BF4B-00C04F79EFBC}") = "WatchStore.Domain", "WatchStore.Domain\WatchStore.Domain.csproj", "{89550B23-E9DD-48A0-B328-7ABF49E769E2}"
EndProject
Project("{FAE04EC0-301F-11D3-BF4B-00C04F79EFBC}") = "WatchStore.Infrastructure", "WatchStore.Infrastructure\WatchStore.Infrastructure.csproj", "{5E9895F9-0483-4B6A-9484-B9F3200CAF49}"
EndProject
Project("{FAE04EC0-301F-11D3-BF4B-00C04F79EFBC}") = "WatchStore.Common", "WatchStore.Common\WatchStore.Common.csproj", "{7D41C208-7912-4603-8ACA-4FEAE47150BD}"
EndProject
Global
	GlobalSection(SolutionConfigurationPlatforms) = preSolution
		Debug|Any CPU = Debug|Any CPU
		Debug|x64 = Debug|x64
		Debug|x86 = Debug|x86
		Release|Any CPU = Release|Any CPU
		Release|x64 = Release|x64
		Release|x86 = Release|x86
	EndGlobalSection
	GlobalSection(ProjectConfigurationPlatforms) = postSolution
		{6F6B4BE1-9821-402D-996E-153EABFD1C55}.Debug|Any CPU.ActiveCfg = Debug|Any CPU
		{6F6B4BE1-9821-402D-996E-153EABFD1C55}.Debug|Any CPU.Build.0 = Debug|Any CPU
		{6F6B4BE1-9821-402D-996E-153EABFD1C55}.Debug|x64.ActiveCfg = Debug|Any CPU
		{6F6B4BE1-9821-402D-996E-153EABFD1C55}.Debug|x64.Build.0 = Debug|Any CPU
		{6F6B4BE1-9821-402D-996E-153EABFD1C55}.Debug|x86.ActiveCfg = Debug|Any CPU
		{6F6B4BE1-9821-402D-996E-153EABFD1C55}.Debug|x86.Build.0 = Debug|Any CPU
		{6F6B4BE1-9821-402D-996E-153EABFD1C55}.Release|Any CPU.ActiveCfg = Release|Any CPU
		{6F6B4BE1-9821-402D-996E-153EABFD1C55}.Release|Any CPU.Build.0 = Release|Any CPU
		{6F6B4BE1-9821-402D-996E-153EABFD1C55}.Release|x64.ActiveCfg = Release|Any CPU
		{6F6B4BE1-9821-402D-996E-153EABFD1C55}.Release|x64.Build.0 = Release|Any CPU
		{6F6B4BE1-9821-402D-996E-153EABFD1C55}.Release|x86.ActiveCfg = Release|Any CPU
		{6F6B4BE1-9821-402D-996E-153EABFD1C55}.Release|x86.Build.0 = Release|Any CPU
		{8686C82C-C6D8-478E-8A87-1BE84B7FFE0E}.Debug|Any CPU.ActiveCfg = Debug|Any CPU
		{8686C82C-C6D8-478E-8A87-1BE84B7FFE0E}.Debug|Any CPU.Build.0 = Debug|Any CPU
		{8686C82C-C6D8-478E-8A87-1BE84B7FFE0E}.Debug|x64.ActiveCfg = Debug|Any CPU
		{8686C82C-C6D8-478E-8A87-1BE84B7FFE0E}.Debug|x64.Build.0 = Debug|Any CPU
		{8686C82C-C6D8-478E-8A87-1BE84B7FFE0E}.Debug|x86.ActiveCfg = Debug|Any CPU
		{8686C82C-C6D8-478E-8A87-1BE84B7FFE0E}.Debug|x86.Build.0 = Debug|Any CPU
		{8686C82C-C6D8-478E-8A87-1BE84B7FFE0E}.Release|Any CPU.ActiveCfg = Release|Any CPU
		{8686C82C-C6D8-478E-8A87-1BE84B7FFE0E}.Release|Any CPU.Build.0 = Release|Any CPU
		{8686C82C-C6D8-478E-8A87-1BE84B7FFE0E}.Release|x64.ActiveCfg = Release|Any CPU
		{8686C82C-C6D8-478E-8A87-1BE84B7FFE0E}.Release|x64.Build.0 = Release|Any CPU
		{8686C82C-C6D8-478E-8A87-1BE84B7FFE0E}.Release|x86.ActiveCfg = Release|Any CPU
		{8686C82C-C6D8-478E-8A87-1BE84B7FFE0E}.Release|x86.Build.0 = Release|Any CPU
		{89550B23-E9DD-48A0-B328-7ABF49E769E2}.Debug|Any CPU.ActiveCfg = Debug|Any CPU
		{89550B23-E9DD-48A0-B328-7ABF49E769E2}.Debug|Any CPU.Build.0 = Debug|Any CPU
		{89550B23-E9DD-48A0-B328-7ABF49E769E2}.Debug|x64.ActiveCfg = Debug|Any CPU
		{89550B23-E9DD-48A0-B328-7ABF49E769E2}.Debug|x64.Build.0 = Debug|Any CPU
		{89550B23-E9DD-48A0-B328-7ABF49E769E2}.Debug|x86.ActiveCfg = Debug|Any CPU
		{89550B23-E9DD-48A0-B328-7ABF49E769E2}.Debug|x86.Build.0 = Debug|Any CPU
		{89550B23-E9DD-48A0-B328-7ABF49E769E2}.Release|Any CPU.ActiveCfg = Release|Any CPU
		{89550B23-E9DD-48A0-B328-7ABF49E769E2}.Release|Any CPU.Build.0 = Release|Any CPU
		{89550B23-E9DD-48A0-B328-7ABF49E769E2}.Release|x64.ActiveCfg = Release|Any CPU
		{89550B23-E9DD-48A0-B328-7ABF49E769E2}.Release|x64.Build.0 = Release|Any CPU
		{89550B23-E9DD-48A0-B328-7ABF49E769E2}.Release|x86.ActiveCfg = Release|Any CPU
		{89550B23-E9DD-48A0-B328-7ABF49E769E2}.Release|x86.Build.0 = Release|Any CPU
		{5E9895F9-0483-4B6A-9484-B9F3200CAF49}.Debug|Any CPU.ActiveCfg = Debug|Any CPU
		{5E9895F9-0483-4B6A-9484-B9F3200CAF49}.Debug|Any CPU.Build.0 = Debug|Any CPU
		{5E9895F9-0483-4B6A-9484-B9F3200CAF49}.Debug|x64.ActiveCfg = Debug|Any CPU
		{5E9895F9-0483-4B6A-9484-B9F3200CAF49}.Debug|x64.Build.0 = Debug|Any CPU
		{5E9895F9-0483-4B6A-9484-B9F3200CAF49}.Debug|x86.ActiveCfg = Debug|Any CPU
		{5E9895F9-0483-4B6A-9484-B9F3200CAF49}.Debug|x86.Build.0 = Debug|Any CPU
		{5E9895F9-0483-4B6A-9484-B9F3200CAF49}.Release|Any CPU.ActiveCfg = Release|Any CPU
		{5E9895F9-0483-4B6A-9484-B9F3200CAF49}.Release|Any CPU.Build.0 = Release|Any CPU
		{5E9895F9-0483-4B6A-9484-B9F3200CAF49}.Release|x64.ActiveCfg = Release|Any CPU
		{5E9895F9-0483-4B6A-9484-B9F3200CAF49}.Release|x64.Build.0 = Release|Any CPU
		{5E9895F9-0483-4B6A-9484-B9F3200CAF49}.Release|x86.ActiveCfg = Release|Any CPU
		{5E9895F9-0483-4B6A-9484-B9F3200CAF49}.Release|x86.Build.0 = Release|Any CPU
		{7D41C208-7912-4603-8ACA-4FEAE47150BD}.Debug|Any CPU.ActiveCfg = Debug|Any CPU
		{7D41C208-7912-4603-8ACA-4FEAE47150BD}.Debug|Any CPU.Build.0 = Debug|Any CPU
		{7D41C208-7912-4603-8ACA-4FEAE47150BD}.Debug|x64.ActiveCfg = Debug|Any CPU
		{7D41C208-7912-4603-8ACA-4FEAE47150BD}.Debug|x64.Build.0 = Debug|Any CPU
		{7D41C208-7912-4603-8ACA-4FEAE47150BD}.Debug|x86.ActiveCfg = Debug|Any CPU
		{7D41C208-7912-4603-8ACA-4FEAE47150BD}.Debug|x86.Build.0 = Debug|Any CPU
		{7D41C208-7912-4603-8ACA-4FEAE47150BD}.Release|Any CPU.ActiveCfg = Release|Any CPU
		{7D41C208-7912-4603-8ACA-4FEAE47150BD}.Release|Any CPU.Build.0 = Release|Any CPU
		{7D41C208-7912-4603-8ACA-4FEAE47150BD}.Release|x64.ActiveCfg = Release|Any CPU
		{7D41C208-7912-4603-8ACA-4FEAE47150BD}.Release|x64.Build.0 = Release|Any CPU
		{7D41C208-7912-4603-8ACA-4FEAE47150BD}.Release|x86.ActiveCfg = Release|Any CPU
		{7D41C208-7912-4603-8ACA-4FEAE47150BD}.Release|x86.Build.0 = Release|Any CPU
	EndGlobalSection
	GlobalSection(SolutionProperties) = preSolution
		HideSolutionNode = FALSE
	EndGlobalSection
EndGlobal
